<?xml version="1.0" encoding="utf-8"?>
<Project ToolsVersion="4.0" xmlns="http://schemas.microsoft.com/developer/msbuild/2003">
  <ItemGroup>
    <Filter Include="Source Files">
      <UniqueIdentifier>{4FC737F1-C7A5-4376-A066-2A32D752A2FF}</UniqueIdentifier>
      <Extensions>cpp;c;cc;cxx;c++;cppm;ixx;def;odl;idl;hpj;bat;asm;asmx</Extensions>
    </Filter>
    <Filter Include="Resource Files">
      <UniqueIdentifier>{67DA6AB6-F800-4c08-8B7A-83BB121AAD01}</UniqueIdentifier>
      <Extensions>rc;ico;cur;bmp;dlg;rc2;rct;bin;rgs;gif;jpg;jpeg;jpe;resx;tiff;tif;png;wav;mfcribbon-ms</Extensions>
    </Filter>
    <Filter Include="Probleme">
      <UniqueIdentifier>{93995380-89BD-4b04-88EB-625FBE52EBFB}</UniqueIdentifier>
      <Extensions>h;hh;hpp;hxx;h++;hm;inl;inc;ipp;xsd</Extensions>
    </Filter>
    <Filter Include="Probleme\Problema 1">
      <UniqueIdentifier>{f098c7e0-0e67-4c28-b805-f745c62fc6cd}</UniqueIdentifier>
    </Filter>
    <Filter Include="Probleme\Problema 5">
      <UniqueIdentifier>{7f3edf73-a849-499d-abe9-6367321d9e82}</UniqueIdentifier>
    </Filter>
    <Filter Include="Probleme\Problema 4">
      <UniqueIdentifier>{9884e588-a23b-484a-a3c7-b8d9abad17b1}</UniqueIdentifier>
    </Filter>
    <Filter Include="Probleme\Problema 3">
      <UniqueIdentifier>{7a86eadc-2183-4c72-8e72-43eb7880f385}</UniqueIdentifier>
    </Filter>
    <Filter Include="Probleme\Problema 8">
      <UniqueIdentifier>{8bdee99d-2a38-4eb2-bf1e-e116911954b2}</UniqueIdentifier>
    </Filter>
    <Filter Include="Probleme\Problema 10">
      <UniqueIdentifier>{2c0a39a2-bf1c-49fc-961a-42304796d1d0}</UniqueIdentifier>
    </Filter>
    <Filter Include="Probleme\Problema 16">
      <UniqueIdentifier>{590184a7-9b78-49e6-8536-c6b7bce6f921}</UniqueIdentifier>
    </Filter>
    <Filter Include="Probleme\Problema 17">
      <UniqueIdentifier>{dd8ca655-e63e-4a66-8a05-e320a132df8d}</UniqueIdentifier>
    </Filter>
  </ItemGroup>
  <ItemGroup>
    <ClCompile Include="final-backtracking.cpp">
      <Filter>Source Files</Filter>
    </ClCompile>
  </ItemGroup>
  <ItemGroup>
    <ClInclude Include="problema1.h">
      <Filter>Probleme\Problema 1</Filter>
    </ClInclude>
    <ClInclude Include="problema3.h">
      <Filter>Probleme\Problema 3</Filter>
    </ClInclude>
    <ClInclude Include="problema4.h">
      <Filter>Probleme\Problema 4</Filter>
    </ClInclude>
    <ClInclude Include="problema5.h">
      <Filter>Probleme\Problema 5</Filter>
    </ClInclude>
    <ClInclude Include="problema8.h">
      <Filter>Probleme\Problema 8</Filter>
    </ClInclude>
    <ClInclude Include="problema10.h">
      <Filter>Probleme\Problema 10</Filter>
    </ClInclude>
    <ClInclude Include="problema16.h">
      <Filter>Probleme\Problema 16</Filter>
    </ClInclude>
    <ClInclude Include="problema17.h">
      <Filter>Probleme\Problema 17</Filter>
    </ClInclude>
    <ClInclude Include="problema-sesiune.h">
      <Filter>Probleme</Filter>
    </ClInclude>
  </ItemGroup>
  <ItemGroup>
    <Text Include="problema1-out.txt">
      <Filter>Probleme\Problema 1</Filter>
    </Text>
    <Text Include="problema3-out.txt">
      <Filter>Probleme\Problema 3</Filter>
    </Text>
    <Text Include="problema4-out.txt">
      <Filter>Probleme\Problema 4</Filter>
    </Text>
    <Text Include="problema5-out.txt">
      <Filter>Probleme\Problema 5</Filter>
    </Text>
    <Text Include="problema8-out.txt">
      <Filter>Probleme\Problema 8</Filter>
    </Text>
  </ItemGroup>
</Project>